# This file is autogenerated, do not edit; changes may be undone by the next 'dep ensure'.


[[projects]]
  name = "github.com/blevesearch/bleve"
  packages = [".","analysis","analysis/analyzers/standard_analyzer","analysis/datetime_parsers/datetime_optional","analysis/datetime_parsers/flexible_go","analysis/language/en","analysis/token_filters/lower_case_filter","analysis/token_filters/porter","analysis/token_filters/stop_tokens_filter","analysis/tokenizers/unicode","document","index","index/store","index/store/boltdb","index/store/gtreap","index/upside_down","numeric_util","registry","search","search/collectors","search/facets","search/highlight","search/highlight/fragment_formatters/html","search/highlight/fragmenters/simple","search/highlight/highlighters/html","search/highlight/highlighters/simple","search/scorers","search/searchers"]
  revision = "97393d027342f43b17da2f02c090a4e728ac929f"
  version = "v0.5.0"

[[projects]]
  name = "github.com/blevesearch/go-porterstemmer"
  packages = ["."]
  revision = "b4dd94e38f29620fe0f97ae4b0f6994b0d5d75f0"
  version = "v1.0.1"

[[projects]]
  branch = "master"
  name = "github.com/blevesearch/segment"
  packages = ["."]
  revision = "762005e7a34fd909a84586299f1dd457371d36ee"

[[projects]]
  name = "github.com/boltdb/bolt"
  packages = ["."]
  revision = "2f1ce7a837dcb8da3ec595b1dac9d0632f0f99e8"
  version = "v1.3.1"

[[projects]]
  name = "github.com/emicklei/go-restful"
  packages = [".","log"]
  revision = "2dd44038f0b95ae693b266c5f87593b5d2fdd78d"
  version = "v2.5.0"

[[projects]]
  name = "github.com/emicklei/go-restful-swagger12"
  packages = ["."]
  revision = "dcef7f55730566d41eae5db10e7d6981829720f6"
  version = "1.0.1"

[[projects]]
  name = "github.com/garyburd/redigo"
  packages = ["internal","redis"]
  revision = "d1ed5c67e5794de818ea85e6b522fda02623a484"
  version = "v1.4.0"

[[projects]]
  branch = "master"
  name = "github.com/golang/protobuf"
  packages = ["proto"]
  revision = "1e59b77b52bf8e4b449a57e6f79f21226d571845"

[[projects]]
  branch = "master"
  name = "github.com/kpawlik/geojson"
  packages = ["."]
  revision = "1a4f120c6b41bf523f825519ef8c25a50d1c9628"

[[projects]]
  branch = "master"
  name = "github.com/steveyen/gtreap"
  packages = ["."]
  revision = "0abe01ef9be25c4aedc174758ec2d917314d6d70"

[[projects]]
  branch = "master"
  name = "golang.org/x/net"
  packages = ["context"]
  revision = "5ccada7d0a7ba9aeb5d3aca8d3501b4c2a509fec"

[[projects]]
  branch = "master"
  name = "golang.org/x/sys"
  packages = ["unix"]
  revision = "2c42eef0765b9837fbdab12011af7830f55f88f0"

[solve-meta]
  analyzer-name = "dep"
  analyzer-version = 1
  inputs-digest = "ad9105ec1d011c886518670a4400a90a900c3528b93ff9af26d6ec2d006b03e1"
  solver-name = "gps-cdcl"
  solver-version = 1
